
Microsoft Visual Studio Solution File, Format Version 12.00
# Visual Studio Version 16
VisualStudioVersion = 16.0.30503.244
MinimumVisualStudioVersion = 10.0.40219.1
Project("{888888A0-9F3D-457C-B088-3A5042F75D52}") = "team_No.12_선과 함께", "team_No.12_선과 함께\team_No.12_선과 함께.pyproj", "{D54927E4-C4E4-4960-AA10-0B62CAFB7ECB}"
EndProject
Global
	GlobalSection(SolutionConfigurationPlatforms) = preSolution
		Debug|Any CPU = Debug|Any CPU
		Release|Any CPU = Release|Any CPU
	EndGlobalSection
	GlobalSection(ProjectConfigurationPlatforms) = postSolution
		{D54927E4-C4E4-4960-AA10-0B62CAFB7ECB}.Debug|Any CPU.ActiveCfg = Debug|Any CPU
		{D54927E4-C4E4-4960-AA10-0B62CAFB7ECB}.Release|Any CPU.ActiveCfg = Release|Any CPU
	EndGlobalSection
	GlobalSection(SolutionProperties) = preSolution
		HideSolutionNode = FALSE
	EndGlobalSection
	GlobalSection(ExtensibilityGlobals) = postSolution
		SolutionGuid = {4E8997B3-DDB0-4404-97CB-763953CDFC1A}
	EndGlobalSection
EndGlobal
